
Microsoft Visual Studio Solution File, Format Version 12.00
# Visual Studio Version 17
VisualStudioVersion = 17.14.36804.6 d17.14
MinimumVisualStudioVersion = 10.0.40219.1
Project("{FAE04EC0-301F-11D3-BF4B-00C04F79EFBC}") = "ReaderControl", "ReaderControl\ReaderControl.csproj", "{20304829-AB6D-45CC-9953-65332AF4B117}"
EndProject
Global
	GlobalSection(SolutionConfigurationPlatforms) = preSolution
		Debug|Any CPU = Debug|Any CPU
		Release|Any CPU = Release|Any CPU
	EndGlobalSection
	GlobalSection(ProjectConfigurationPlatforms) = postSolution
		{20304829-AB6D-45CC-9953-65332AF4B117}.Debug|Any CPU.ActiveCfg = Debug|Any CPU
		{20304829-AB6D-45CC-9953-65332AF4B117}.Debug|Any CPU.Build.0 = Debug|Any CPU
		{20304829-AB6D-45CC-9953-65332AF4B117}.Release|Any CPU.ActiveCfg = Release|Any CPU
		{20304829-AB6D-45CC-9953-65332AF4B117}.Release|Any CPU.Build.0 = Release|Any CPU
	EndGlobalSection
	GlobalSection(SolutionProperties) = preSolution
		HideSolutionNode = FALSE
	EndGlobalSection
	GlobalSection(ExtensibilityGlobals) = postSolution
		SolutionGuid = {5DA24A85-2895-4091-9E1D-CA670031E4D9}
	EndGlobalSection
EndGlobal
